{
    "_readme": [
        "This file locks the dependencies of your project to a known state",
        "Read more about it at https://getcomposer.org/doc/01-basic-usage.md#installing-dependencies",
        "This file is @generated automatically"
    ],
    "content-hash": "0e070edaa6df7aeb579a3b1dd481d114",
    "packages": [
        {
            "name": "serpwow/google-search-results",
            "version": "0.2.4",
            "source": {
                "type": "git",
                "url": "https://github.com/serpwow/google-search-results-php.git",
                "reference": "62444c10f59a551ced7af669f8107a83798ca076"
            },
            "dist": {
                "type": "zip",
                "url": "https://api.github.com/repos/serpwow/google-search-results-php/zipball/62444c10f59a551ced7af669f8107a83798ca076",
                "reference": "62444c10f59a551ced7af669f8107a83798ca076",
                "shasum": ""
            },
            "require": {
                "ext-curl": "*",
                "ext-json": "*",
                "php": ">=5.4.0",
                "serpwow/google-search-results": "^0.2.4",
                "tcdent/php-restclient": "^0.1.7"
            },
            "require-dev": {
                "php": ">=5.5.7",
                "phpunit/phpunit": "^7.0"
            },
            "type": "library",
            "autoload": {
                "files": [
                    "google-search-results.php"
                ]
            },
            "notification-url": "https://packagist.org/downloads/",
            "license": [
                "MIT"
            ],
            "authors": [
                {
                    "name": "SerpWow",
                    "role": "Developer",
                    "email": "hello@serpwow.com"
                }
            ],
            "description": "Google Search Results PHP package via SerpWow.com",
            "homepage": "http://github.com/serpwow/google-search-results-php",
            "keywords": [
                "SERP",
                "api",
                "automated",
                "google",
                "html",
                "image",
                "json",
                "localization",
                "news",
                "proxies",
                "proxy",
                "query",
                "scrape",
                "search",
                "seo",
                "serpapi",
                "serpwow",
                "shopping",
                "videos"
            ],
            "time": "2019-07-12T17:38:24+00:00"
        },
        {
            "name": "tcdent/php-restclient",
            "version": "0.1.7",
            "source": {
                "type": "git",
                "url": "https://github.com/tcdent/php-restclient.git",
                "reference": "4522e8518eaef770d715977fcb45f187f8ad7499"
            },
            "dist": {
                "type": "zip",
                "url": "https://api.github.com/repos/tcdent/php-restclient/zipball/4522e8518eaef770d715977fcb45f187f8ad7499",
                "reference": "4522e8518eaef770d715977fcb45f187f8ad7499",
                "shasum": ""
            },
            "require": {
                "ext-curl": "*",
                "ext-json": "*",
                "php": ">=5.4.0"
            },
            "require-dev": {
                "php": ">=5.5.7",
                "phpunit/phpunit": ">=4.5"
            },
            "type": "library",
            "autoload": {
                "files": [
                    "restclient.php"
                ]
            },
            "notification-url": "https://packagist.org/downloads/",
            "license": [
                "MIT"
            ],
            "authors": [
                {
                    "name": "Travis Dent",
                    "role": "Developer",
                    "email": "tcdent@gmail.com"
                }
            ],
            "description": "A generic REST API client for PHP",
            "homepage": "http://github.com/tcdent/php-restclient",
            "keywords": [
                "api",
                "client",
                "curl",
                "json",
                "rest",
                "xml"
            ],
            "time": "2017-09-07T20:44:36+00:00"
        }
    ],
    "packages-dev": [],
    "aliases": [],
    "minimum-stability": "stable",
    "stability-flags": [],
    "prefer-stable": false,
    "prefer-lowest": false,
    "platform": [],
    "platform-dev": []
}
